
Microsoft Visual Studio Solution File, Format Version 12.00
# Visual Studio Version 17
VisualStudioVersion = 17.8.34330.188
MinimumVisualStudioVersion = 10.0.40219.1
Project("{FAE04EC0-301F-11D3-BF4B-00C04F79EFBC}") = "OneFunction", "OneFunction\OneFunction.csproj", "{DAB67413-D7FB-4A47-A15D-2E133682045D}"
EndProject
Global
	GlobalSection(SolutionConfigurationPlatforms) = preSolution
		Debug|Any CPU = Debug|Any CPU
		Release|Any CPU = Release|Any CPU
	EndGlobalSection
	GlobalSection(ProjectConfigurationPlatforms) = postSolution
		{DAB67413-D7FB-4A47-A15D-2E133682045D}.Debug|Any CPU.ActiveCfg = Debug|Any CPU
		{DAB67413-D7FB-4A47-A15D-2E133682045D}.Debug|Any CPU.Build.0 = Debug|Any CPU
		{DAB67413-D7FB-4A47-A15D-2E133682045D}.Release|Any CPU.ActiveCfg = Release|Any CPU
		{DAB67413-D7FB-4A47-A15D-2E133682045D}.Release|Any CPU.Build.0 = Release|Any CPU
	EndGlobalSection
	GlobalSection(SolutionProperties) = preSolution
		HideSolutionNode = FALSE
	EndGlobalSection
	GlobalSection(ExtensibilityGlobals) = postSolution
		SolutionGuid = {DDFFD221-3EF8-4CE0-A5E9-D207791C4D9D}
	EndGlobalSection
EndGlobal
